// !$*UTF8*$!
{
	archiveVersion = 1;
	classes = {
	};
	objectVersion = 56;
	objects = {

/* Begin PBXBuildFile section */
		6A1BB84B2A5E7EC1008664D8 /* FilesVC.swift in Sources */ = {isa = PBXBuildFile; fileRef = 6A1BB84A2A5E7EC1008664D8 /* FilesVC.swift */; };
		6A1BB84D2A5E7FB3008664D8 /* FilesViewModel.swift in Sources */ = {isa = PBXBuildFile; fileRef = 6A1BB84C2A5E7FB3008664D8 /* FilesViewModel.swift */; };
		6A1BB84F2A5EBFFD008664D8 /* samplefile.rtf in Resources */ = {isa = PBXBuildFile; fileRef = 6A1BB84E2A5EBFFD008664D8 /* samplefile.rtf */; };
		6A1BB8512A5EC5B4008664D8 /* mj_test_dataset_2.jsonl in Resources */ = {isa = PBXBuildFile; fileRef = 6A1BB8502A5EC5B4008664D8 /* mj_test_dataset_2.jsonl */; };
		777D472B2A53EA9D0050C0E7 /* ChatGPTAPIManager in Frameworks */ = {isa = PBXBuildFile; productRef = 777D472A2A53EA9D0050C0E7 /* ChatGPTAPIManager */; };
		777D472F2A53F7560050C0E7 /* english_song.m4a in Resources */ = {isa = PBXBuildFile; fileRef = 777D472D2A53F7550050C0E7 /* english_song.m4a */; };
		777D47302A53F7560050C0E7 /* translation_file.m4a in Resources */ = {isa = PBXBuildFile; fileRef = 777D472E2A53F7550050C0E7 /* translation_file.m4a */; };
		777D47322A5419150050C0E7 /* AudioViewModel.swift in Sources */ = {isa = PBXBuildFile; fileRef = 777D47312A5419150050C0E7 /* AudioViewModel.swift */; };
		A89687832A54367C00AC0F09 /* ModelsListVC.swift in Sources */ = {isa = PBXBuildFile; fileRef = A89687822A54367C00AC0F09 /* ModelsListVC.swift */; };
		A89687852A54381000AC0F09 /* ModelsListViewModel.swift in Sources */ = {isa = PBXBuildFile; fileRef = A89687842A54381000AC0F09 /* ModelsListViewModel.swift */; };
		A8B85FCD2A431318005FBEDE /* AppDelegate.swift in Sources */ = {isa = PBXBuildFile; fileRef = A8B85FCC2A431318005FBEDE /* AppDelegate.swift */; };
		A8B85FCF2A431318005FBEDE /* SceneDelegate.swift in Sources */ = {isa = PBXBuildFile; fileRef = A8B85FCE2A431318005FBEDE /* SceneDelegate.swift */; };
		A8B85FD12A431318005FBEDE /* ViewController.swift in Sources */ = {isa = PBXBuildFile; fileRef = A8B85FD02A431318005FBEDE /* ViewController.swift */; };
		A8B85FD42A431318005FBEDE /* Main.storyboard in Resources */ = {isa = PBXBuildFile; fileRef = A8B85FD22A431318005FBEDE /* Main.storyboard */; };
		A8B85FD62A43131A005FBEDE /* Assets.xcassets in Resources */ = {isa = PBXBuildFile; fileRef = A8B85FD52A43131A005FBEDE /* Assets.xcassets */; };
		A8B85FD92A43131A005FBEDE /* LaunchScreen.storyboard in Resources */ = {isa = PBXBuildFile; fileRef = A8B85FD72A43131A005FBEDE /* LaunchScreen.storyboard */; };
		A8B85FE42A43131A005FBEDE /* ExampleTests.swift in Sources */ = {isa = PBXBuildFile; fileRef = A8B85FE32A43131A005FBEDE /* ExampleTests.swift */; };
		A8B85FEE2A43131A005FBEDE /* ExampleUITests.swift in Sources */ = {isa = PBXBuildFile; fileRef = A8B85FED2A43131A005FBEDE /* ExampleUITests.swift */; };
		A8B85FF02A43131A005FBEDE /* ExampleUITestsLaunchTests.swift in Sources */ = {isa = PBXBuildFile; fileRef = A8B85FEF2A43131A005FBEDE /* ExampleUITestsLaunchTests.swift */; };
		A8B8600A2A431AA6005FBEDE /* UserCell.xib in Resources */ = {isa = PBXBuildFile; fileRef = A8B860022A431AA5005FBEDE /* UserCell.xib */; };
		A8B8600B2A431AA6005FBEDE /* UserCell.swift in Sources */ = {isa = PBXBuildFile; fileRef = A8B860032A431AA5005FBEDE /* UserCell.swift */; };
		A8B8600C2A431AA6005FBEDE /* AssistantCell.swift in Sources */ = {isa = PBXBuildFile; fileRef = A8B860042A431AA5005FBEDE /* AssistantCell.swift */; };
		A8B8600E2A431AA6005FBEDE /* ChatViewController.swift in Sources */ = {isa = PBXBuildFile; fileRef = A8B860062A431AA5005FBEDE /* ChatViewController.swift */; };
		A8B8600F2A431AA6005FBEDE /* AssistantCell.xib in Resources */ = {isa = PBXBuildFile; fileRef = A8B860072A431AA5005FBEDE /* AssistantCell.xib */; };
		A8B860102A431AA6005FBEDE /* EZLoadingActivity.swift in Sources */ = {isa = PBXBuildFile; fileRef = A8B860082A431AA6005FBEDE /* EZLoadingActivity.swift */; };
		A8B860112A431AA6005FBEDE /* ImageWithTextViewController.swift in Sources */ = {isa = PBXBuildFile; fileRef = A8B860092A431AA6005FBEDE /* ImageWithTextViewController.swift */; };
		A8B860132A432135005FBEDE /* openai.svg in Resources */ = {isa = PBXBuildFile; fileRef = A8B860122A432135005FBEDE /* openai.svg */; };
		A8B860252A440C52005FBEDE /* MessageModel.swift in Sources */ = {isa = PBXBuildFile; fileRef = A8B860242A440C52005FBEDE /* MessageModel.swift */; };
		A8B8602D2A4413F2005FBEDE /* ChatViewModel.swift in Sources */ = {isa = PBXBuildFile; fileRef = A8B8602C2A4413F2005FBEDE /* ChatViewModel.swift */; };
		A8B8602F2A44140A005FBEDE /* ImageViewModel.swift in Sources */ = {isa = PBXBuildFile; fileRef = A8B8602E2A441409005FBEDE /* ImageViewModel.swift */; };
		A8B860342A44431C005FBEDE /* TextGenerationViewModel.swift in Sources */ = {isa = PBXBuildFile; fileRef = A8B860332A44431C005FBEDE /* TextGenerationViewModel.swift */; };
		A8B8607C2A45AE40005FBEDE /* AudioViewController.swift in Sources */ = {isa = PBXBuildFile; fileRef = A8B8607B2A45AE40005FBEDE /* AudioViewController.swift */; };
		A8EA01682A56AB5D007DFADF /* pngwing.com.png in Resources */ = {isa = PBXBuildFile; fileRef = A8EA01672A56AB5D007DFADF /* pngwing.com.png */; };
		A8EA016B2A56E3C5007DFADF /* EditTextVC.swift in Sources */ = {isa = PBXBuildFile; fileRef = A8EA016A2A56E3C5007DFADF /* EditTextVC.swift */; };
		A8EA016D2A56E5A5007DFADF /* EditTextViewModel.swift in Sources */ = {isa = PBXBuildFile; fileRef = A8EA016C2A56E5A5007DFADF /* EditTextViewModel.swift */; };
		A8EA01712A57EA78007DFADF /* ModerationVC.swift in Sources */ = {isa = PBXBuildFile; fileRef = A8EA01702A57EA78007DFADF /* ModerationVC.swift */; };
		A8EA01732A57EB7B007DFADF /* ModerationsViewModel.swift in Sources */ = {isa = PBXBuildFile; fileRef = A8EA01722A57EB7B007DFADF /* ModerationsViewModel.swift */; };
		A8EA01752A57EB8F007DFADF /* EmbeddingViewModel.swift in Sources */ = {isa = PBXBuildFile; fileRef = A8EA01742A57EB8F007DFADF /* EmbeddingViewModel.swift */; };
		A8EA01772A57EF90007DFADF /* EmbeddingVC.swift in Sources */ = {isa = PBXBuildFile; fileRef = A8EA01762A57EF90007DFADF /* EmbeddingVC.swift */; };
/* End PBXBuildFile section */

/* Begin PBXContainerItemProxy section */
		A8B85FE02A43131A005FBEDE /* PBXContainerItemProxy */ = {
			isa = PBXContainerItemProxy;
			containerPortal = A8B85FC12A431318005FBEDE /* Project object */;
			proxyType = 1;
			remoteGlobalIDString = A8B85FC82A431318005FBEDE;
			remoteInfo = Example;
		};
		A8B85FEA2A43131A005FBEDE /* PBXContainerItemProxy */ = {
			isa = PBXContainerItemProxy;
			containerPortal = A8B85FC12A431318005FBEDE /* Project object */;
			proxyType = 1;
			remoteGlobalIDString = A8B85FC82A431318005FBEDE;
			remoteInfo = Example;
		};
/* End PBXContainerItemProxy section */

/* Begin PBXFileReference section */
		6A1BB84A2A5E7EC1008664D8 /* FilesVC.swift */ = {isa = PBXFileReference; lastKnownFileType = sourcecode.swift; path = FilesVC.swift; sourceTree = "<group>"; };
		6A1BB84C2A5E7FB3008664D8 /* FilesViewModel.swift */ = {isa = PBXFileReference; lastKnownFileType = sourcecode.swift; path = FilesViewModel.swift; sourceTree = "<group>"; };
		6A1BB84E2A5EBFFD008664D8 /* samplefile.rtf */ = {isa = PBXFileReference; fileEncoding = 4; lastKnownFileType = text.rtf; path = samplefile.rtf; sourceTree = "<group>"; };
		6A1BB8502A5EC5B4008664D8 /* mj_test_dataset_2.jsonl */ = {isa = PBXFileReference; fileEncoding = 4; lastKnownFileType = text; path = mj_test_dataset_2.jsonl; sourceTree = "<group>"; };
		777D47282A53EA8F0050C0E7 /* chatgpt-ios-sdk */ = {isa = PBXFileReference; lastKnownFileType = wrapper; name = "chatgpt-ios-sdk"; path = ..; sourceTree = "<group>"; };
		777D472D2A53F7550050C0E7 /* english_song.m4a */ = {isa = PBXFileReference; lastKnownFileType = file; path = english_song.m4a; sourceTree = "<group>"; };
		777D472E2A53F7550050C0E7 /* translation_file.m4a */ = {isa = PBXFileReference; lastKnownFileType = file; path = translation_file.m4a; sourceTree = "<group>"; };
		777D47312A5419150050C0E7 /* AudioViewModel.swift */ = {isa = PBXFileReference; lastKnownFileType = sourcecode.swift; path = AudioViewModel.swift; sourceTree = "<group>"; };
		A89687822A54367C00AC0F09 /* ModelsListVC.swift */ = {isa = PBXFileReference; lastKnownFileType = sourcecode.swift; path = ModelsListVC.swift; sourceTree = "<group>"; };
		A89687842A54381000AC0F09 /* ModelsListViewModel.swift */ = {isa = PBXFileReference; lastKnownFileType = sourcecode.swift; path = ModelsListViewModel.swift; sourceTree = "<group>"; };
		A8B85FC92A431318005FBEDE /* Example.app */ = {isa = PBXFileReference; explicitFileType = wrapper.application; includeInIndex = 0; path = Example.app; sourceTree = BUILT_PRODUCTS_DIR; };
		A8B85FCC2A431318005FBEDE /* AppDelegate.swift */ = {isa = PBXFileReference; lastKnownFileType = sourcecode.swift; path = AppDelegate.swift; sourceTree = "<group>"; };
		A8B85FCE2A431318005FBEDE /* SceneDelegate.swift */ = {isa = PBXFileReference; lastKnownFileType = sourcecode.swift; path = SceneDelegate.swift; sourceTree = "<group>"; };
		A8B85FD02A431318005FBEDE /* ViewController.swift */ = {isa = PBXFileReference; lastKnownFileType = sourcecode.swift; path = ViewController.swift; sourceTree = "<group>"; };
		A8B85FD32A431318005FBEDE /* Base */ = {isa = PBXFileReference; lastKnownFileType = file.storyboard; name = Base; path = Base.lproj/Main.storyboard; sourceTree = "<group>"; };
		A8B85FD52A43131A005FBEDE /* Assets.xcassets */ = {isa = PBXFileReference; lastKnownFileType = folder.assetcatalog; path = Assets.xcassets; sourceTree = "<group>"; };
		A8B85FD82A43131A005FBEDE /* Base */ = {isa = PBXFileReference; lastKnownFileType = file.storyboard; name = Base; path = Base.lproj/LaunchScreen.storyboard; sourceTree = "<group>"; };
		A8B85FDA2A43131A005FBEDE /* Info.plist */ = {isa = PBXFileReference; lastKnownFileType = text.plist.xml; path = Info.plist; sourceTree = "<group>"; };
		A8B85FDF2A43131A005FBEDE /* ExampleTests.xctest */ = {isa = PBXFileReference; explicitFileType = wrapper.cfbundle; includeInIndex = 0; path = ExampleTests.xctest; sourceTree = BUILT_PRODUCTS_DIR; };
		A8B85FE32A43131A005FBEDE /* ExampleTests.swift */ = {isa = PBXFileReference; lastKnownFileType = sourcecode.swift; path = ExampleTests.swift; sourceTree = "<group>"; };
		A8B85FE92A43131A005FBEDE /* ExampleUITests.xctest */ = {isa = PBXFileReference; explicitFileType = wrapper.cfbundle; includeInIndex = 0; path = ExampleUITests.xctest; sourceTree = BUILT_PRODUCTS_DIR; };
		A8B85FED2A43131A005FBEDE /* ExampleUITests.swift */ = {isa = PBXFileReference; lastKnownFileType = sourcecode.swift; path = ExampleUITests.swift; sourceTree = "<group>"; };
		A8B85FEF2A43131A005FBEDE /* ExampleUITestsLaunchTests.swift */ = {isa = PBXFileReference; lastKnownFileType = sourcecode.swift; path = ExampleUITestsLaunchTests.swift; sourceTree = "<group>"; };
		A8B860022A431AA5005FBEDE /* UserCell.xib */ = {isa = PBXFileReference; fileEncoding = 4; lastKnownFileType = file.xib; path = UserCell.xib; sourceTree = "<group>"; };
		A8B860032A431AA5005FBEDE /* UserCell.swift */ = {isa = PBXFileReference; fileEncoding = 4; lastKnownFileType = sourcecode.swift; path = UserCell.swift; sourceTree = "<group>"; };
		A8B860042A431AA5005FBEDE /* AssistantCell.swift */ = {isa = PBXFileReference; fileEncoding = 4; lastKnownFileType = sourcecode.swift; path = AssistantCell.swift; sourceTree = "<group>"; };
		A8B860062A431AA5005FBEDE /* ChatViewController.swift */ = {isa = PBXFileReference; fileEncoding = 4; lastKnownFileType = sourcecode.swift; path = ChatViewController.swift; sourceTree = "<group>"; };
		A8B860072A431AA5005FBEDE /* AssistantCell.xib */ = {isa = PBXFileReference; fileEncoding = 4; lastKnownFileType = file.xib; path = AssistantCell.xib; sourceTree = "<group>"; };
		A8B860082A431AA6005FBEDE /* EZLoadingActivity.swift */ = {isa = PBXFileReference; fileEncoding = 4; lastKnownFileType = sourcecode.swift; path = EZLoadingActivity.swift; sourceTree = "<group>"; };
		A8B860092A431AA6005FBEDE /* ImageWithTextViewController.swift */ = {isa = PBXFileReference; fileEncoding = 4; lastKnownFileType = sourcecode.swift; path = ImageWithTextViewController.swift; sourceTree = "<group>"; };
		A8B860122A432135005FBEDE /* openai.svg */ = {isa = PBXFileReference; fileEncoding = 4; lastKnownFileType = text; path = openai.svg; sourceTree = "<group>"; };
		A8B860242A440C52005FBEDE /* MessageModel.swift */ = {isa = PBXFileReference; lastKnownFileType = sourcecode.swift; path = MessageModel.swift; sourceTree = "<group>"; };
		A8B8602C2A4413F2005FBEDE /* ChatViewModel.swift */ = {isa = PBXFileReference; lastKnownFileType = sourcecode.swift; path = ChatViewModel.swift; sourceTree = "<group>"; };
		A8B8602E2A441409005FBEDE /* ImageViewModel.swift */ = {isa = PBXFileReference; lastKnownFileType = sourcecode.swift; path = ImageViewModel.swift; sourceTree = "<group>"; };
		A8B860332A44431C005FBEDE /* TextGenerationViewModel.swift */ = {isa = PBXFileReference; lastKnownFileType = sourcecode.swift; path = TextGenerationViewModel.swift; sourceTree = "<group>"; };
		A8B8607B2A45AE40005FBEDE /* AudioViewController.swift */ = {isa = PBXFileReference; lastKnownFileType = sourcecode.swift; path = AudioViewController.swift; sourceTree = "<group>"; };
		A8EA01672A56AB5D007DFADF /* pngwing.com.png */ = {isa = PBXFileReference; lastKnownFileType = image.png; path = pngwing.com.png; sourceTree = "<group>"; };
		A8EA016A2A56E3C5007DFADF /* EditTextVC.swift */ = {isa = PBXFileReference; lastKnownFileType = sourcecode.swift; path = EditTextVC.swift; sourceTree = "<group>"; };
		A8EA016C2A56E5A5007DFADF /* EditTextViewModel.swift */ = {isa = PBXFileReference; lastKnownFileType = sourcecode.swift; path = EditTextViewModel.swift; sourceTree = "<group>"; };
		A8EA01702A57EA78007DFADF /* ModerationVC.swift */ = {isa = PBXFileReference; lastKnownFileType = sourcecode.swift; path = ModerationVC.swift; sourceTree = "<group>"; };
		A8EA01722A57EB7B007DFADF /* ModerationsViewModel.swift */ = {isa = PBXFileReference; lastKnownFileType = sourcecode.swift; path = ModerationsViewModel.swift; sourceTree = "<group>"; };
		A8EA01742A57EB8F007DFADF /* EmbeddingViewModel.swift */ = {isa = PBXFileReference; lastKnownFileType = sourcecode.swift; path = EmbeddingViewModel.swift; sourceTree = "<group>"; };
		A8EA01762A57EF90007DFADF /* EmbeddingVC.swift */ = {isa = PBXFileReference; lastKnownFileType = sourcecode.swift; path = EmbeddingVC.swift; sourceTree = "<group>"; };
/* End PBXFileReference section */

/* Begin PBXFrameworksBuildPhase section */
		A8B85FC62A431318005FBEDE /* Frameworks */ = {
			isa = PBXFrameworksBuildPhase;
			buildActionMask = 2147483647;
			files = (
				777D472B2A53EA9D0050C0E7 /* ChatGPTAPIManager in Frameworks */,
			);
			runOnlyForDeploymentPostprocessing = 0;
		};
		A8B85FDC2A43131A005FBEDE /* Frameworks */ = {
			isa = PBXFrameworksBuildPhase;
			buildActionMask = 2147483647;
			files = (
			);
			runOnlyForDeploymentPostprocessing = 0;
		};
		A8B85FE62A43131A005FBEDE /* Frameworks */ = {
			isa = PBXFrameworksBuildPhase;
			buildActionMask = 2147483647;
			files = (
			);
			runOnlyForDeploymentPostprocessing = 0;
		};
/* End PBXFrameworksBuildPhase section */

/* Begin PBXGroup section */
		6A1BB8492A5E7EA7008664D8 /* Files */ = {
			isa = PBXGroup;
			children = (
				6A1BB84A2A5E7EC1008664D8 /* FilesVC.swift */,
			);
			path = Files;
			sourceTree = "<group>";
		};
		777D47292A53EA9D0050C0E7 /* Frameworks */ = {
			isa = PBXGroup;
			children = (
			);
			name = Frameworks;
			sourceTree = "<group>";
		};
		777D472C2A53F3730050C0E7 /* AudioTranslationAndTranscript */ = {
			isa = PBXGroup;
			children = (
				A8B8607B2A45AE40005FBEDE /* AudioViewController.swift */,
			);
			path = AudioTranslationAndTranscript;
			sourceTree = "<group>";
		};
		A89687812A54365D00AC0F09 /* ModelsList */ = {
			isa = PBXGroup;
			children = (
				A89687822A54367C00AC0F09 /* ModelsListVC.swift */,
			);
			path = ModelsList;
			sourceTree = "<group>";
		};
		A8B85FC02A431318005FBEDE = {
			isa = PBXGroup;
			children = (
				777D47282A53EA8F0050C0E7 /* chatgpt-ios-sdk */,
				A8B85FCB2A431318005FBEDE /* Example */,
				A8B85FE22A43131A005FBEDE /* ExampleTests */,
				A8B85FEC2A43131A005FBEDE /* ExampleUITests */,
				A8B85FCA2A431318005FBEDE /* Products */,
				777D47292A53EA9D0050C0E7 /* Frameworks */,
			);
			sourceTree = "<group>";
		};
		A8B85FCA2A431318005FBEDE /* Products */ = {
			isa = PBXGroup;
			children = (
				A8B85FC92A431318005FBEDE /* Example.app */,
				A8B85FDF2A43131A005FBEDE /* ExampleTests.xctest */,
				A8B85FE92A43131A005FBEDE /* ExampleUITests.xctest */,
			);
			name = Products;
			sourceTree = "<group>";
		};
		A8B85FCB2A431318005FBEDE /* Example */ = {
			isa = PBXGroup;
			children = (
				A8B860232A440C0F005FBEDE /* Models */,
				A8B860202A440BB9005FBEDE /* Views */,
				A8B860212A440BE6005FBEDE /* ViewModles */,
				A8B860272A440C95005FBEDE /* App */,
				A8B860282A440CAD005FBEDE /* Storyboards */,
				A8B860292A440CC0005FBEDE /* Supporting */,
			);
			path = Example;
			sourceTree = "<group>";
		};
		A8B85FE22A43131A005FBEDE /* ExampleTests */ = {
			isa = PBXGroup;
			children = (
				A8B85FE32A43131A005FBEDE /* ExampleTests.swift */,
			);
			path = ExampleTests;
			sourceTree = "<group>";
		};
		A8B85FEC2A43131A005FBEDE /* ExampleUITests */ = {
			isa = PBXGroup;
			children = (
				A8B85FED2A43131A005FBEDE /* ExampleUITests.swift */,
				A8B85FEF2A43131A005FBEDE /* ExampleUITestsLaunchTests.swift */,
			);
			path = ExampleUITests;
			sourceTree = "<group>";
		};
		A8B860202A440BB9005FBEDE /* Views */ = {
			isa = PBXGroup;
			children = (
				6A1BB8492A5E7EA7008664D8 /* Files */,
				A8EA016F2A57EA4F007DFADF /* Moderations */,
				A8EA016E2A57EA36007DFADF /* Embedding */,
				A8EA01692A56E3AE007DFADF /* Edit */,
				A89687812A54365D00AC0F09 /* ModelsList */,
				A8B860262A440C79005FBEDE /* Cells */,
				A8B860322A444295005FBEDE /* TextToImage */,
				A8B860302A444288005FBEDE /* ChatAndText */,
				777D472C2A53F3730050C0E7 /* AudioTranslationAndTranscript */,
				A8B85FD02A431318005FBEDE /* ViewController.swift */,
				A8B860082A431AA6005FBEDE /* EZLoadingActivity.swift */,
			);
			path = Views;
			sourceTree = "<group>";
		};
		A8B860212A440BE6005FBEDE /* ViewModles */ = {
			isa = PBXGroup;
			children = (
				A8B8602C2A4413F2005FBEDE /* ChatViewModel.swift */,
				A8B8602E2A441409005FBEDE /* ImageViewModel.swift */,
				A8B860332A44431C005FBEDE /* TextGenerationViewModel.swift */,
				777D47312A5419150050C0E7 /* AudioViewModel.swift */,
				A89687842A54381000AC0F09 /* ModelsListViewModel.swift */,
				A8EA016C2A56E5A5007DFADF /* EditTextViewModel.swift */,
				A8EA01722A57EB7B007DFADF /* ModerationsViewModel.swift */,
				A8EA01742A57EB8F007DFADF /* EmbeddingViewModel.swift */,
				6A1BB84C2A5E7FB3008664D8 /* FilesViewModel.swift */,
			);
			path = ViewModles;
			sourceTree = "<group>";
		};
		A8B860232A440C0F005FBEDE /* Models */ = {
			isa = PBXGroup;
			children = (
				A8B860242A440C52005FBEDE /* MessageModel.swift */,
			);
			path = Models;
			sourceTree = "<group>";
		};
		A8B860262A440C79005FBEDE /* Cells */ = {
			isa = PBXGroup;
			children = (
				A8B860042A431AA5005FBEDE /* AssistantCell.swift */,
				A8B860072A431AA5005FBEDE /* AssistantCell.xib */,
				A8B860032A431AA5005FBEDE /* UserCell.swift */,
				A8B860022A431AA5005FBEDE /* UserCell.xib */,
			);
			path = Cells;
			sourceTree = "<group>";
		};
		A8B860272A440C95005FBEDE /* App */ = {
			isa = PBXGroup;
			children = (
				A8B85FCC2A431318005FBEDE /* AppDelegate.swift */,
				A8B85FCE2A431318005FBEDE /* SceneDelegate.swift */,
			);
			path = App;
			sourceTree = "<group>";
		};
		A8B860282A440CAD005FBEDE /* Storyboards */ = {
			isa = PBXGroup;
			children = (
				A8B85FD22A431318005FBEDE /* Main.storyboard */,
				A8B85FD72A43131A005FBEDE /* LaunchScreen.storyboard */,
			);
			path = Storyboards;
			sourceTree = "<group>";
		};
		A8B860292A440CC0005FBEDE /* Supporting */ = {
			isa = PBXGroup;
			children = (
				6A1BB8502A5EC5B4008664D8 /* mj_test_dataset_2.jsonl */,
				6A1BB84E2A5EBFFD008664D8 /* samplefile.rtf */,
				777D472D2A53F7550050C0E7 /* english_song.m4a */,
				777D472E2A53F7550050C0E7 /* translation_file.m4a */,
				A8B85FD52A43131A005FBEDE /* Assets.xcassets */,
				A8EA01672A56AB5D007DFADF /* pngwing.com.png */,
				A8B860122A432135005FBEDE /* openai.svg */,
				A8B85FDA2A43131A005FBEDE /* Info.plist */,
			);
			path = Supporting;
			sourceTree = "<group>";
		};
		A8B860302A444288005FBEDE /* ChatAndText */ = {
			isa = PBXGroup;
			children = (
				A8B860062A431AA5005FBEDE /* ChatViewController.swift */,
			);
			path = ChatAndText;
			sourceTree = "<group>";
		};
		A8B860322A444295005FBEDE /* TextToImage */ = {
			isa = PBXGroup;
			children = (
				A8B860092A431AA6005FBEDE /* ImageWithTextViewController.swift */,
			);
			path = TextToImage;
			sourceTree = "<group>";
		};
		A8EA01692A56E3AE007DFADF /* Edit */ = {
			isa = PBXGroup;
			children = (
				A8EA016A2A56E3C5007DFADF /* EditTextVC.swift */,
			);
			path = Edit;
			sourceTree = "<group>";
		};
		A8EA016E2A57EA36007DFADF /* Embedding */ = {
			isa = PBXGroup;
			children = (
				A8EA01762A57EF90007DFADF /* EmbeddingVC.swift */,
			);
			path = Embedding;
			sourceTree = "<group>";
		};
		A8EA016F2A57EA4F007DFADF /* Moderations */ = {
			isa = PBXGroup;
			children = (
				A8EA01702A57EA78007DFADF /* ModerationVC.swift */,
			);
			path = Moderations;
			sourceTree = "<group>";
		};
/* End PBXGroup section */

/* Begin PBXNativeTarget section */
		A8B85FC82A431318005FBEDE /* Example */ = {
			isa = PBXNativeTarget;
			buildConfigurationList = A8B85FF32A43131A005FBEDE /* Build configuration list for PBXNativeTarget "Example" */;
			buildPhases = (
				A8B85FC52A431318005FBEDE /* Sources */,
				A8B85FC62A431318005FBEDE /* Frameworks */,
				A8B85FC72A431318005FBEDE /* Resources */,
			);
			buildRules = (
			);
			dependencies = (
			);
			name = Example;
			packageProductDependencies = (
				777D472A2A53EA9D0050C0E7 /* ChatGPTAPIManager */,
			);
			productName = Example;
			productReference = A8B85FC92A431318005FBEDE /* Example.app */;
			productType = "com.apple.product-type.application";
		};
		A8B85FDE2A43131A005FBEDE /* ExampleTests */ = {
			isa = PBXNativeTarget;
			buildConfigurationList = A8B85FF62A43131A005FBEDE /* Build configuration list for PBXNativeTarget "ExampleTests" */;
			buildPhases = (
				A8B85FDB2A43131A005FBEDE /* Sources */,
				A8B85FDC2A43131A005FBEDE /* Frameworks */,
				A8B85FDD2A43131A005FBEDE /* Resources */,
			);
			buildRules = (
			);
			dependencies = (
				A8B85FE12A43131A005FBEDE /* PBXTargetDependency */,
			);
			name = ExampleTests;
			productName = ExampleTests;
			productReference = A8B85FDF2A43131A005FBEDE /* ExampleTests.xctest */;
			productType = "com.apple.product-type.bundle.unit-test";
		};
		A8B85FE82A43131A005FBEDE /* ExampleUITests */ = {
			isa = PBXNativeTarget;
			buildConfigurationList = A8B85FF92A43131A005FBEDE /* Build configuration list for PBXNativeTarget "ExampleUITests" */;
			buildPhases = (
				A8B85FE52A43131A005FBEDE /* Sources */,
				A8B85FE62A43131A005FBEDE /* Frameworks */,
				A8B85FE72A43131A005FBEDE /* Resources */,
			);
			buildRules = (
			);
			dependencies = (
				A8B85FEB2A43131A005FBEDE /* PBXTargetDependency */,
			);
			name = ExampleUITests;
			productName = ExampleUITests;
			productReference = A8B85FE92A43131A005FBEDE /* ExampleUITests.xctest */;
			productType = "com.apple.product-type.bundle.ui-testing";
		};
/* End PBXNativeTarget section */

/* Begin PBXProject section */
		A8B85FC12A431318005FBEDE /* Project object */ = {
			isa = PBXProject;
			attributes = {
				BuildIndependentTargetsInParallel = 1;
				LastSwiftUpdateCheck = 1430;
				LastUpgradeCheck = 1430;
				TargetAttributes = {
					A8B85FC82A431318005FBEDE = {
						CreatedOnToolsVersion = 14.3;
					};
					A8B85FDE2A43131A005FBEDE = {
						CreatedOnToolsVersion = 14.3;
						TestTargetID = A8B85FC82A431318005FBEDE;
					};
					A8B85FE82A43131A005FBEDE = {
						CreatedOnToolsVersion = 14.3;
						TestTargetID = A8B85FC82A431318005FBEDE;
					};
				};
			};
			buildConfigurationList = A8B85FC42A431318005FBEDE /* Build configuration list for PBXProject "Example" */;
			compatibilityVersion = "Xcode 14.0";
			developmentRegion = en;
			hasScannedForEncodings = 0;
			knownRegions = (
				en,
				Base,
			);
			mainGroup = A8B85FC02A431318005FBEDE;
			packageReferences = (
			);
			productRefGroup = A8B85FCA2A431318005FBEDE /* Products */;
			projectDirPath = "";
			projectRoot = "";
			targets = (
				A8B85FC82A431318005FBEDE /* Example */,
				A8B85FDE2A43131A005FBEDE /* ExampleTests */,
				A8B85FE82A43131A005FBEDE /* ExampleUITests */,
			);
		};
/* End PBXProject section */

/* Begin PBXResourcesBuildPhase section */
		A8B85FC72A431318005FBEDE /* Resources */ = {
			isa = PBXResourcesBuildPhase;
			buildActionMask = 2147483647;
			files = (
				6A1BB84F2A5EBFFD008664D8 /* samplefile.rtf in Resources */,
				777D472F2A53F7560050C0E7 /* english_song.m4a in Resources */,
				A8B8600A2A431AA6005FBEDE /* UserCell.xib in Resources */,
				A8EA01682A56AB5D007DFADF /* pngwing.com.png in Resources */,
				777D47302A53F7560050C0E7 /* translation_file.m4a in Resources */,
				A8B85FD92A43131A005FBEDE /* LaunchScreen.storyboard in Resources */,
				A8B860132A432135005FBEDE /* openai.svg in Resources */,
				6A1BB8512A5EC5B4008664D8 /* mj_test_dataset_2.jsonl in Resources */,
				A8B85FD62A43131A005FBEDE /* Assets.xcassets in Resources */,
				A8B8600F2A431AA6005FBEDE /* AssistantCell.xib in Resources */,
				A8B85FD42A431318005FBEDE /* Main.storyboard in Resources */,
			);
			runOnlyForDeploymentPostprocessing = 0;
		};
		A8B85FDD2A43131A005FBEDE /* Resources */ = {
			isa = PBXResourcesBuildPhase;
			buildActionMask = 2147483647;
			files = (
			);
			runOnlyForDeploymentPostprocessing = 0;
		};
		A8B85FE72A43131A005FBEDE /* Resources */ = {
			isa = PBXResourcesBuildPhase;
			buildActionMask = 2147483647;
			files = (
			);
			runOnlyForDeploymentPostprocessing = 0;
		};
/* End PBXResourcesBuildPhase section */

/* Begin PBXSourcesBuildPhase section */
		A8B85FC52A431318005FBEDE /* Sources */ = {
			isa = PBXSourcesBuildPhase;
			buildActionMask = 2147483647;
			files = (
				A8EA01752A57EB8F007DFADF /* EmbeddingViewModel.swift in Sources */,
				A89687852A54381000AC0F09 /* ModelsListViewModel.swift in Sources */,
				A8B8600C2A431AA6005FBEDE /* AssistantCell.swift in Sources */,
				A8EA01732A57EB7B007DFADF /* ModerationsViewModel.swift in Sources */,
				A8B860342A44431C005FBEDE /* TextGenerationViewModel.swift in Sources */,
				A8EA016D2A56E5A5007DFADF /* EditTextViewModel.swift in Sources */,
				6A1BB84D2A5E7FB3008664D8 /* FilesViewModel.swift in Sources */,
				6A1BB84B2A5E7EC1008664D8 /* FilesVC.swift in Sources */,
				A8B8600B2A431AA6005FBEDE /* UserCell.swift in Sources */,
				A8B860112A431AA6005FBEDE /* ImageWithTextViewController.swift in Sources */,
				A8B85FD12A431318005FBEDE /* ViewController.swift in Sources */,
				A8B8600E2A431AA6005FBEDE /* ChatViewController.swift in Sources */,
				A8EA01712A57EA78007DFADF /* ModerationVC.swift in Sources */,
				A8B860252A440C52005FBEDE /* MessageModel.swift in Sources */,
				777D47322A5419150050C0E7 /* AudioViewModel.swift in Sources */,
				A8B860102A431AA6005FBEDE /* EZLoadingActivity.swift in Sources */,
				A8B85FCD2A431318005FBEDE /* AppDelegate.swift in Sources */,
				A89687832A54367C00AC0F09 /* ModelsListVC.swift in Sources */,
				A8EA016B2A56E3C5007DFADF /* EditTextVC.swift in Sources */,
				A8B85FCF2A431318005FBEDE /* SceneDelegate.swift in Sources */,
				A8EA01772A57EF90007DFADF /* EmbeddingVC.swift in Sources */,
				A8B8602D2A4413F2005FBEDE /* ChatViewModel.swift in Sources */,
				A8B8602F2A44140A005FBEDE /* ImageViewModel.swift in Sources */,
				A8B8607C2A45AE40005FBEDE /* AudioViewController.swift in Sources */,
			);
			runOnlyForDeploymentPostprocessing = 0;
		};
		A8B85FDB2A43131A005FBEDE /* Sources */ = {
			isa = PBXSourcesBuildPhase;
			buildActionMask = 2147483647;
			files = (
				A8B85FE42A43131A005FBEDE /* ExampleTests.swift in Sources */,
			);
			runOnlyForDeploymentPostprocessing = 0;
		};
		A8B85FE52A43131A005FBEDE /* Sources */ = {
			isa = PBXSourcesBuildPhase;
			buildActionMask = 2147483647;
			files = (
				A8B85FEE2A43131A005FBEDE /* ExampleUITests.swift in Sources */,
				A8B85FF02A43131A005FBEDE /* ExampleUITestsLaunchTests.swift in Sources */,
			);
			runOnlyForDeploymentPostprocessing = 0;
		};
/* End PBXSourcesBuildPhase section */

/* Begin PBXTargetDependency section */
		A8B85FE12A43131A005FBEDE /* PBXTargetDependency */ = {
			isa = PBXTargetDependency;
			target = A8B85FC82A431318005FBEDE /* Example */;
			targetProxy = A8B85FE02A43131A005FBEDE /* PBXContainerItemProxy */;
		};
		A8B85FEB2A43131A005FBEDE /* PBXTargetDependency */ = {
			isa = PBXTargetDependency;
			target = A8B85FC82A431318005FBEDE /* Example */;
			targetProxy = A8B85FEA2A43131A005FBEDE /* PBXContainerItemProxy */;
		};
/* End PBXTargetDependency section */

/* Begin PBXVariantGroup section */
		A8B85FD22A431318005FBEDE /* Main.storyboard */ = {
			isa = PBXVariantGroup;
			children = (
				A8B85FD32A431318005FBEDE /* Base */,
			);
			name = Main.storyboard;
			sourceTree = "<group>";
		};
		A8B85FD72A43131A005FBEDE /* LaunchScreen.storyboard */ = {
			isa = PBXVariantGroup;
			children = (
				A8B85FD82A43131A005FBEDE /* Base */,
			);
			name = LaunchScreen.storyboard;
			sourceTree = "<group>";
		};
/* End PBXVariantGroup section */

/* Begin XCBuildConfiguration section */
		A8B85FF12A43131A005FBEDE /* Debug */ = {
			isa = XCBuildConfiguration;
			buildSettings = {
				ALWAYS_SEARCH_USER_PATHS = NO;
				CLANG_ANALYZER_NONNULL = YES;
				CLANG_ANALYZER_NUMBER_OBJECT_CONVERSION = YES_AGGRESSIVE;
				CLANG_CXX_LANGUAGE_STANDARD = "gnu++20";
				CLANG_ENABLE_MODULES = YES;
				CLANG_ENABLE_OBJC_ARC = YES;
				CLANG_ENABLE_OBJC_WEAK = YES;
				CLANG_WARN_BLOCK_CAPTURE_AUTORELEASING = YES;
				CLANG_WARN_BOOL_CONVERSION = YES;
				CLANG_WARN_COMMA = YES;
				CLANG_WARN_CONSTANT_CONVERSION = YES;
				CLANG_WARN_DEPRECATED_OBJC_IMPLEMENTATIONS = YES;
				CLANG_WARN_DIRECT_OBJC_ISA_USAGE = YES_ERROR;
				CLANG_WARN_DOCUMENTATION_COMMENTS = YES;
				CLANG_WARN_EMPTY_BODY = YES;
				CLANG_WARN_ENUM_CONVERSION = YES;
				CLANG_WARN_INFINITE_RECURSION = YES;
				CLANG_WARN_INT_CONVERSION = YES;
				CLANG_WARN_NON_LITERAL_NULL_CONVERSION = YES;
				CLANG_WARN_OBJC_IMPLICIT_RETAIN_SELF = YES;
				CLANG_WARN_OBJC_LITERAL_CONVERSION = YES;
				CLANG_WARN_OBJC_ROOT_CLASS = YES_ERROR;
				CLANG_WARN_QUOTED_INCLUDE_IN_FRAMEWORK_HEADER = YES;
				CLANG_WARN_RANGE_LOOP_ANALYSIS = YES;
				CLANG_WARN_STRICT_PROTOTYPES = YES;
				CLANG_WARN_SUSPICIOUS_MOVE = YES;
				CLANG_WARN_UNGUARDED_AVAILABILITY = YES_AGGRESSIVE;
				CLANG_WARN_UNREACHABLE_CODE = YES;
				CLANG_WARN__DUPLICATE_METHOD_MATCH = YES;
				COPY_PHASE_STRIP = NO;
				DEBUG_INFORMATION_FORMAT = dwarf;
				ENABLE_STRICT_OBJC_MSGSEND = YES;
				ENABLE_TESTABILITY = YES;
				GCC_C_LANGUAGE_STANDARD = gnu11;
				GCC_DYNAMIC_NO_PIC = NO;
				GCC_NO_COMMON_BLOCKS = YES;
				GCC_OPTIMIZATION_LEVEL = 0;
				GCC_PREPROCESSOR_DEFINITIONS = (
					"DEBUG=1",
					"$(inherited)",
				);
				GCC_WARN_64_TO_32_BIT_CONVERSION = YES;
				GCC_WARN_ABOUT_RETURN_TYPE = YES_ERROR;
				GCC_WARN_UNDECLARED_SELECTOR = YES;
				GCC_WARN_UNINITIALIZED_AUTOS = YES_AGGRESSIVE;
				GCC_WARN_UNUSED_FUNCTION = YES;
				GCC_WARN_UNUSED_VARIABLE = YES;
				IPHONEOS_DEPLOYMENT_TARGET = 16.4;
				MTL_ENABLE_DEBUG_INFO = INCLUDE_SOURCE;
				MTL_FAST_MATH = YES;
				ONLY_ACTIVE_ARCH = YES;
				SDKROOT = iphoneos;
				SWIFT_ACTIVE_COMPILATION_CONDITIONS = DEBUG;
				SWIFT_OPTIMIZATION_LEVEL = "-Onone";
			};
			name = Debug;
		};
		A8B85FF22A43131A005FBEDE /* Release */ = {
			isa = XCBuildConfiguration;
			buildSettings = {
				ALWAYS_SEARCH_USER_PATHS = NO;
				CLANG_ANALYZER_NONNULL = YES;
				CLANG_ANALYZER_NUMBER_OBJECT_CONVERSION = YES_AGGRESSIVE;
				CLANG_CXX_LANGUAGE_STANDARD = "gnu++20";
				CLANG_ENABLE_MODULES = YES;
				CLANG_ENABLE_OBJC_ARC = YES;
				CLANG_ENABLE_OBJC_WEAK = YES;
				CLANG_WARN_BLOCK_CAPTURE_AUTORELEASING = YES;
				CLANG_WARN_BOOL_CONVERSION = YES;
				CLANG_WARN_COMMA = YES;
				CLANG_WARN_CONSTANT_CONVERSION = YES;
				CLANG_WARN_DEPRECATED_OBJC_IMPLEMENTATIONS = YES;
				CLANG_WARN_DIRECT_OBJC_ISA_USAGE = YES_ERROR;
				CLANG_WARN_DOCUMENTATION_COMMENTS = YES;
				CLANG_WARN_EMPTY_BODY = YES;
				CLANG_WARN_ENUM_CONVERSION = YES;
				CLANG_WARN_INFINITE_RECURSION = YES;
				CLANG_WARN_INT_CONVERSION = YES;
				CLANG_WARN_NON_LITERAL_NULL_CONVERSION = YES;
				CLANG_WARN_OBJC_IMPLICIT_RETAIN_SELF = YES;
				CLANG_WARN_OBJC_LITERAL_CONVERSION = YES;
				CLANG_WARN_OBJC_ROOT_CLASS = YES_ERROR;
				CLANG_WARN_QUOTED_INCLUDE_IN_FRAMEWORK_HEADER = YES;
				CLANG_WARN_RANGE_LOOP_ANALYSIS = YES;
				CLANG_WARN_STRICT_PROTOTYPES = YES;
				CLANG_WARN_SUSPICIOUS_MOVE = YES;
				CLANG_WARN_UNGUARDED_AVAILABILITY = YES_AGGRESSIVE;
				CLANG_WARN_UNREACHABLE_CODE = YES;
				CLANG_WARN__DUPLICATE_METHOD_MATCH = YES;
				COPY_PHASE_STRIP = NO;
				DEBUG_INFORMATION_FORMAT = "dwarf-with-dsym";
				ENABLE_NS_ASSERTIONS = NO;
				ENABLE_STRICT_OBJC_MSGSEND = YES;
				GCC_C_LANGUAGE_STANDARD = gnu11;
				GCC_NO_COMMON_BLOCKS = YES;
				GCC_WARN_64_TO_32_BIT_CONVERSION = YES;
				GCC_WARN_ABOUT_RETURN_TYPE = YES_ERROR;
				GCC_WARN_UNDECLARED_SELECTOR = YES;
				GCC_WARN_UNINITIALIZED_AUTOS = YES_AGGRESSIVE;
				GCC_WARN_UNUSED_FUNCTION = YES;
				GCC_WARN_UNUSED_VARIABLE = YES;
				IPHONEOS_DEPLOYMENT_TARGET = 16.4;
				MTL_ENABLE_DEBUG_INFO = NO;
				MTL_FAST_MATH = YES;
				SDKROOT = iphoneos;
				SWIFT_COMPILATION_MODE = wholemodule;
				SWIFT_OPTIMIZATION_LEVEL = "-O";
				VALIDATE_PRODUCT = YES;
			};
			name = Release;
		};
		A8B85FF42A43131A005FBEDE /* Debug */ = {
			isa = XCBuildConfiguration;
			buildSettings = {
				ASSETCATALOG_COMPILER_APPICON_NAME = AppIcon;
				ASSETCATALOG_COMPILER_GLOBAL_ACCENT_COLOR_NAME = AccentColor;
				CODE_SIGN_STYLE = Automatic;
				CURRENT_PROJECT_VERSION = 1;
				DEVELOPMENT_TEAM = C5KZV4J7UV;
				GENERATE_INFOPLIST_FILE = YES;
				INFOPLIST_FILE = Example/Supporting/Info.plist;
				INFOPLIST_KEY_UIApplicationSupportsIndirectInputEvents = YES;
				INFOPLIST_KEY_UILaunchStoryboardName = LaunchScreen;
				INFOPLIST_KEY_UIMainStoryboardFile = Main;
				INFOPLIST_KEY_UISupportedInterfaceOrientations_iPad = "UIInterfaceOrientationPortrait UIInterfaceOrientationPortraitUpsideDown UIInterfaceOrientationLandscapeLeft UIInterfaceOrientationLandscapeRight";
				INFOPLIST_KEY_UISupportedInterfaceOrientations_iPhone = "UIInterfaceOrientationPortrait UIInterfaceOrientationLandscapeLeft UIInterfaceOrientationLandscapeRight";
				IPHONEOS_DEPLOYMENT_TARGET = 15.0;
				LD_RUNPATH_SEARCH_PATHS = (
					"$(inherited)",
					"@executable_path/Frameworks",
				);
				MARKETING_VERSION = 1.0;
				PRODUCT_BUNDLE_IDENTIFIER = DevCrew.Example;
				PRODUCT_NAME = "$(TARGET_NAME)";
				SWIFT_EMIT_LOC_STRINGS = YES;
				SWIFT_VERSION = 5.0;
				TARGETED_DEVICE_FAMILY = "1,2";
			};
			name = Debug;
		};
		A8B85FF52A43131A005FBEDE /* Release */ = {
			isa = XCBuildConfiguration;
			buildSettings = {
				ASSETCATALOG_COMPILER_APPICON_NAME = AppIcon;
				ASSETCATALOG_COMPILER_GLOBAL_ACCENT_COLOR_NAME = AccentColor;
				CODE_SIGN_STYLE = Automatic;
				CURRENT_PROJECT_VERSION = 1;
				DEVELOPMENT_TEAM = C5KZV4J7UV;
				GENERATE_INFOPLIST_FILE = YES;
				INFOPLIST_FILE = Example/Supporting/Info.plist;
				INFOPLIST_KEY_UIApplicationSupportsIndirectInputEvents = YES;
				INFOPLIST_KEY_UILaunchStoryboardName = LaunchScreen;
				INFOPLIST_KEY_UIMainStoryboardFile = Main;
				INFOPLIST_KEY_UISupportedInterfaceOrientations_iPad = "UIInterfaceOrientationPortrait UIInterfaceOrientationPortraitUpsideDown UIInterfaceOrientationLandscapeLeft UIInterfaceOrientationLandscapeRight";
				INFOPLIST_KEY_UISupportedInterfaceOrientations_iPhone = "UIInterfaceOrientationPortrait UIInterfaceOrientationLandscapeLeft UIInterfaceOrientationLandscapeRight";
				IPHONEOS_DEPLOYMENT_TARGET = 15.0;
				LD_RUNPATH_SEARCH_PATHS = (
					"$(inherited)",
					"@executable_path/Frameworks",
				);
				MARKETING_VERSION = 1.0;
				PRODUCT_BUNDLE_IDENTIFIER = DevCrew.Example;
				PRODUCT_NAME = "$(TARGET_NAME)";
				SWIFT_EMIT_LOC_STRINGS = YES;
				SWIFT_VERSION = 5.0;
				TARGETED_DEVICE_FAMILY = "1,2";
			};
			name = Release;
		};
		A8B85FF72A43131A005FBEDE /* Debug */ = {
			isa = XCBuildConfiguration;
			buildSettings = {
				ALWAYS_EMBED_SWIFT_STANDARD_LIBRARIES = YES;
				BUNDLE_LOADER = "$(TEST_HOST)";
				CODE_SIGN_STYLE = Automatic;
				CURRENT_PROJECT_VERSION = 1;
				GENERATE_INFOPLIST_FILE = YES;
				IPHONEOS_DEPLOYMENT_TARGET = 16.4;
				MARKETING_VERSION = 1.0;
				PRODUCT_BUNDLE_IDENTIFIER = DevCrew.ExampleTests;
				PRODUCT_NAME = "$(TARGET_NAME)";
				SWIFT_EMIT_LOC_STRINGS = NO;
				SWIFT_VERSION = 5.0;
				TARGETED_DEVICE_FAMILY = "1,2";
				TEST_HOST = "$(BUILT_PRODUCTS_DIR)/Example.app/$(BUNDLE_EXECUTABLE_FOLDER_PATH)/Example";
			};
			name = Debug;
		};
		A8B85FF82A43131A005FBEDE /* Release */ = {
			isa = XCBuildConfiguration;
			buildSettings = {
				ALWAYS_EMBED_SWIFT_STANDARD_LIBRARIES = YES;
				BUNDLE_LOADER = "$(TEST_HOST)";
				CODE_SIGN_STYLE = Automatic;
				CURRENT_PROJECT_VERSION = 1;
				GENERATE_INFOPLIST_FILE = YES;
				IPHONEOS_DEPLOYMENT_TARGET = 16.4;
				MARKETING_VERSION = 1.0;
				PRODUCT_BUNDLE_IDENTIFIER = DevCrew.ExampleTests;
				PRODUCT_NAME = "$(TARGET_NAME)";
				SWIFT_EMIT_LOC_STRINGS = NO;
				SWIFT_VERSION = 5.0;
				TARGETED_DEVICE_FAMILY = "1,2";
				TEST_HOST = "$(BUILT_PRODUCTS_DIR)/Example.app/$(BUNDLE_EXECUTABLE_FOLDER_PATH)/Example";
			};
			name = Release;
		};
		A8B85FFA2A43131A005FBEDE /* Debug */ = {
			isa = XCBuildConfiguration;
			buildSettings = {
				ALWAYS_EMBED_SWIFT_STANDARD_LIBRARIES = YES;
				CODE_SIGN_STYLE = Automatic;
				CURRENT_PROJECT_VERSION = 1;
				GENERATE_INFOPLIST_FILE = YES;
				MARKETING_VERSION = 1.0;
				PRODUCT_BUNDLE_IDENTIFIER = DevCrew.ExampleUITests;
				PRODUCT_NAME = "$(TARGET_NAME)";
				SWIFT_EMIT_LOC_STRINGS = NO;
				SWIFT_VERSION = 5.0;
				TARGETED_DEVICE_FAMILY = "1,2";
				TEST_TARGET_NAME = Example;
			};
			name = Debug;
		};
		A8B85FFB2A43131A005FBEDE /* Release */ = {
			isa = XCBuildConfiguration;
			buildSettings = {
				ALWAYS_EMBED_SWIFT_STANDARD_LIBRARIES = YES;
				CODE_SIGN_STYLE = Automatic;
				CURRENT_PROJECT_VERSION = 1;
				GENERATE_INFOPLIST_FILE = YES;
				MARKETING_VERSION = 1.0;
				PRODUCT_BUNDLE_IDENTIFIER = DevCrew.ExampleUITests;
				PRODUCT_NAME = "$(TARGET_NAME)";
				SWIFT_EMIT_LOC_STRINGS = NO;
				SWIFT_VERSION = 5.0;
				TARGETED_DEVICE_FAMILY = "1,2";
				TEST_TARGET_NAME = Example;
			};
			name = Release;
		};
/* End XCBuildConfiguration section */

/* Begin XCConfigurationList section */
		A8B85FC42A431318005FBEDE /* Build configuration list for PBXProject "Example" */ = {
			isa = XCConfigurationList;
			buildConfigurations = (
				A8B85FF12A43131A005FBEDE /* Debug */,
				A8B85FF22A43131A005FBEDE /* Release */,
			);
			defaultConfigurationIsVisible = 0;
			defaultConfigurationName = Release;
		};
		A8B85FF32A43131A005FBEDE /* Build configuration list for PBXNativeTarget "Example" */ = {
			isa = XCConfigurationList;
			buildConfigurations = (
				A8B85FF42A43131A005FBEDE /* Debug */,
				A8B85FF52A43131A005FBEDE /* Release */,
			);
			defaultConfigurationIsVisible = 0;
			defaultConfigurationName = Release;
		};
		A8B85FF62A43131A005FBEDE /* Build configuration list for PBXNativeTarget "ExampleTests" */ = {
			isa = XCConfigurationList;
			buildConfigurations = (
				A8B85FF72A43131A005FBEDE /* Debug */,
				A8B85FF82A43131A005FBEDE /* Release */,
			);
			defaultConfigurationIsVisible = 0;
			defaultConfigurationName = Release;
		};
		A8B85FF92A43131A005FBEDE /* Build configuration list for PBXNativeTarget "ExampleUITests" */ = {
			isa = XCConfigurationList;
			buildConfigurations = (
				A8B85FFA2A43131A005FBEDE /* Debug */,
				A8B85FFB2A43131A005FBEDE /* Release */,
			);
			defaultConfigurationIsVisible = 0;
			defaultConfigurationName = Release;
		};
/* End XCConfigurationList section */

/* Begin XCSwiftPackageProductDependency section */
		777D472A2A53EA9D0050C0E7 /* ChatGPTAPIManager */ = {
			isa = XCSwiftPackageProductDependency;
			productName = ChatGPTAPIManager;
		};
/* End XCSwiftPackageProductDependency section */
	};
	rootObject = A8B85FC12A431318005FBEDE /* Project object */;
}
