// !$*UTF8*$!
{
	archiveVersion = 1;
	classes = {
	};
	objectVersion = 56;
	objects = {

/* Begin PBXBuildFile section */
		A89CB73C2A385394009ECACE /* AppDelegate.swift in Sources */ = {isa = PBXBuildFile; fileRef = A89CB73B2A385394009ECACE /* AppDelegate.swift */; };
		A89CB73E2A385394009ECACE /* SceneDelegate.swift in Sources */ = {isa = PBXBuildFile; fileRef = A89CB73D2A385394009ECACE /* SceneDelegate.swift */; };
		A89CB7402A385394009ECACE /* ViewController.swift in Sources */ = {isa = PBXBuildFile; fileRef = A89CB73F2A385394009ECACE /* ViewController.swift */; };
		A89CB7432A385394009ECACE /* Main.storyboard in Resources */ = {isa = PBXBuildFile; fileRef = A89CB7412A385394009ECACE /* Main.storyboard */; };
		A89CB7452A385397009ECACE /* Assets.xcassets in Resources */ = {isa = PBXBuildFile; fileRef = A89CB7442A385397009ECACE /* Assets.xcassets */; };
		A89CB7482A385397009ECACE /* LaunchScreen.storyboard in Resources */ = {isa = PBXBuildFile; fileRef = A89CB7462A385397009ECACE /* LaunchScreen.storyboard */; };
		A89CB7532A385397009ECACE /* ExampleTests.swift in Sources */ = {isa = PBXBuildFile; fileRef = A89CB7522A385397009ECACE /* ExampleTests.swift */; };
		A89CB75D2A385397009ECACE /* ExampleUITests.swift in Sources */ = {isa = PBXBuildFile; fileRef = A89CB75C2A385397009ECACE /* ExampleUITests.swift */; };
		A89CB75F2A385397009ECACE /* ExampleUITestsLaunchTests.swift in Sources */ = {isa = PBXBuildFile; fileRef = A89CB75E2A385397009ECACE /* ExampleUITestsLaunchTests.swift */; };
		A89CB76C2A3853B2009ECACE /* ChatGPTAPIManager.swift in Sources */ = {isa = PBXBuildFile; fileRef = A89CB76B2A3853B2009ECACE /* ChatGPTAPIManager.swift */; };
/* End PBXBuildFile section */

/* Begin PBXContainerItemProxy section */
		A89CB74F2A385397009ECACE /* PBXContainerItemProxy */ = {
			isa = PBXContainerItemProxy;
			containerPortal = A89CB7302A385394009ECACE /* Project object */;
			proxyType = 1;
			remoteGlobalIDString = A89CB7372A385394009ECACE;
			remoteInfo = Example;
		};
		A89CB7592A385397009ECACE /* PBXContainerItemProxy */ = {
			isa = PBXContainerItemProxy;
			containerPortal = A89CB7302A385394009ECACE /* Project object */;
			proxyType = 1;
			remoteGlobalIDString = A89CB7372A385394009ECACE;
			remoteInfo = Example;
		};
/* End PBXContainerItemProxy section */

/* Begin PBXFileReference section */
		A89CB7382A385394009ECACE /* Example.app */ = {isa = PBXFileReference; explicitFileType = wrapper.application; includeInIndex = 0; path = Example.app; sourceTree = BUILT_PRODUCTS_DIR; };
		A89CB73B2A385394009ECACE /* AppDelegate.swift */ = {isa = PBXFileReference; lastKnownFileType = sourcecode.swift; path = AppDelegate.swift; sourceTree = "<group>"; };
		A89CB73D2A385394009ECACE /* SceneDelegate.swift */ = {isa = PBXFileReference; lastKnownFileType = sourcecode.swift; path = SceneDelegate.swift; sourceTree = "<group>"; };
		A89CB73F2A385394009ECACE /* ViewController.swift */ = {isa = PBXFileReference; lastKnownFileType = sourcecode.swift; path = ViewController.swift; sourceTree = "<group>"; };
		A89CB7422A385394009ECACE /* Base */ = {isa = PBXFileReference; lastKnownFileType = file.storyboard; name = Base; path = Base.lproj/Main.storyboard; sourceTree = "<group>"; };
		A89CB7442A385397009ECACE /* Assets.xcassets */ = {isa = PBXFileReference; lastKnownFileType = folder.assetcatalog; path = Assets.xcassets; sourceTree = "<group>"; };
		A89CB7472A385397009ECACE /* Base */ = {isa = PBXFileReference; lastKnownFileType = file.storyboard; name = Base; path = Base.lproj/LaunchScreen.storyboard; sourceTree = "<group>"; };
		A89CB7492A385397009ECACE /* Info.plist */ = {isa = PBXFileReference; lastKnownFileType = text.plist.xml; path = Info.plist; sourceTree = "<group>"; };
		A89CB74E2A385397009ECACE /* ExampleTests.xctest */ = {isa = PBXFileReference; explicitFileType = wrapper.cfbundle; includeInIndex = 0; path = ExampleTests.xctest; sourceTree = BUILT_PRODUCTS_DIR; };
		A89CB7522A385397009ECACE /* ExampleTests.swift */ = {isa = PBXFileReference; lastKnownFileType = sourcecode.swift; path = ExampleTests.swift; sourceTree = "<group>"; };
		A89CB7582A385397009ECACE /* ExampleUITests.xctest */ = {isa = PBXFileReference; explicitFileType = wrapper.cfbundle; includeInIndex = 0; path = ExampleUITests.xctest; sourceTree = BUILT_PRODUCTS_DIR; };
		A89CB75C2A385397009ECACE /* ExampleUITests.swift */ = {isa = PBXFileReference; lastKnownFileType = sourcecode.swift; path = ExampleUITests.swift; sourceTree = "<group>"; };
		A89CB75E2A385397009ECACE /* ExampleUITestsLaunchTests.swift */ = {isa = PBXFileReference; lastKnownFileType = sourcecode.swift; path = ExampleUITestsLaunchTests.swift; sourceTree = "<group>"; };
		A89CB76B2A3853B2009ECACE /* ChatGPTAPIManager.swift */ = {isa = PBXFileReference; lastKnownFileType = sourcecode.swift; path = ChatGPTAPIManager.swift; sourceTree = "<group>"; };
/* End PBXFileReference section */

/* Begin PBXFrameworksBuildPhase section */
		A89CB7352A385394009ECACE /* Frameworks */ = {
			isa = PBXFrameworksBuildPhase;
			buildActionMask = 2147483647;
			files = (
			);
			runOnlyForDeploymentPostprocessing = 0;
		};
		A89CB74B2A385397009ECACE /* Frameworks */ = {
			isa = PBXFrameworksBuildPhase;
			buildActionMask = 2147483647;
			files = (
			);
			runOnlyForDeploymentPostprocessing = 0;
		};
		A89CB7552A385397009ECACE /* Frameworks */ = {
			isa = PBXFrameworksBuildPhase;
			buildActionMask = 2147483647;
			files = (
			);
			runOnlyForDeploymentPostprocessing = 0;
		};
/* End PBXFrameworksBuildPhase section */

/* Begin PBXGroup section */
		A89CB72F2A385394009ECACE = {
			isa = PBXGroup;
			children = (
				A89CB73A2A385394009ECACE /* Example */,
				A89CB7512A385397009ECACE /* ExampleTests */,
				A89CB75B2A385397009ECACE /* ExampleUITests */,
				A89CB7392A385394009ECACE /* Products */,
			);
			sourceTree = "<group>";
		};
		A89CB7392A385394009ECACE /* Products */ = {
			isa = PBXGroup;
			children = (
				A89CB7382A385394009ECACE /* Example.app */,
				A89CB74E2A385397009ECACE /* ExampleTests.xctest */,
				A89CB7582A385397009ECACE /* ExampleUITests.xctest */,
			);
			name = Products;
			sourceTree = "<group>";
		};
		A89CB73A2A385394009ECACE /* Example */ = {
			isa = PBXGroup;
			children = (
				A89CB73B2A385394009ECACE /* AppDelegate.swift */,
				A89CB73D2A385394009ECACE /* SceneDelegate.swift */,
				A89CB73F2A385394009ECACE /* ViewController.swift */,
				A89CB7412A385394009ECACE /* Main.storyboard */,
				A89CB7442A385397009ECACE /* Assets.xcassets */,
				A89CB7462A385397009ECACE /* LaunchScreen.storyboard */,
				A89CB7492A385397009ECACE /* Info.plist */,
				A89CB76B2A3853B2009ECACE /* ChatGPTAPIManager.swift */,
			);
			path = Example;
			sourceTree = "<group>";
		};
		A89CB7512A385397009ECACE /* ExampleTests */ = {
			isa = PBXGroup;
			children = (
				A89CB7522A385397009ECACE /* ExampleTests.swift */,
			);
			path = ExampleTests;
			sourceTree = "<group>";
		};
		A89CB75B2A385397009ECACE /* ExampleUITests */ = {
			isa = PBXGroup;
			children = (
				A89CB75C2A385397009ECACE /* ExampleUITests.swift */,
				A89CB75E2A385397009ECACE /* ExampleUITestsLaunchTests.swift */,
			);
			path = ExampleUITests;
			sourceTree = "<group>";
		};
/* End PBXGroup section */

/* Begin PBXNativeTarget section */
		A89CB7372A385394009ECACE /* Example */ = {
			isa = PBXNativeTarget;
			buildConfigurationList = A89CB7622A385397009ECACE /* Build configuration list for PBXNativeTarget "Example" */;
			buildPhases = (
				A89CB7342A385394009ECACE /* Sources */,
				A89CB7352A385394009ECACE /* Frameworks */,
				A89CB7362A385394009ECACE /* Resources */,
			);
			buildRules = (
			);
			dependencies = (
			);
			name = Example;
			productName = Example;
			productReference = A89CB7382A385394009ECACE /* Example.app */;
			productType = "com.apple.product-type.application";
		};
		A89CB74D2A385397009ECACE /* ExampleTests */ = {
			isa = PBXNativeTarget;
			buildConfigurationList = A89CB7652A385397009ECACE /* Build configuration list for PBXNativeTarget "ExampleTests" */;
			buildPhases = (
				A89CB74A2A385397009ECACE /* Sources */,
				A89CB74B2A385397009ECACE /* Frameworks */,
				A89CB74C2A385397009ECACE /* Resources */,
			);
			buildRules = (
			);
			dependencies = (
				A89CB7502A385397009ECACE /* PBXTargetDependency */,
			);
			name = ExampleTests;
			productName = ExampleTests;
			productReference = A89CB74E2A385397009ECACE /* ExampleTests.xctest */;
			productType = "com.apple.product-type.bundle.unit-test";
		};
		A89CB7572A385397009ECACE /* ExampleUITests */ = {
			isa = PBXNativeTarget;
			buildConfigurationList = A89CB7682A385397009ECACE /* Build configuration list for PBXNativeTarget "ExampleUITests" */;
			buildPhases = (
				A89CB7542A385397009ECACE /* Sources */,
				A89CB7552A385397009ECACE /* Frameworks */,
				A89CB7562A385397009ECACE /* Resources */,
			);
			buildRules = (
			);
			dependencies = (
				A89CB75A2A385397009ECACE /* PBXTargetDependency */,
			);
			name = ExampleUITests;
			productName = ExampleUITests;
			productReference = A89CB7582A385397009ECACE /* ExampleUITests.xctest */;
			productType = "com.apple.product-type.bundle.ui-testing";
		};
/* End PBXNativeTarget section */

/* Begin PBXProject section */
		A89CB7302A385394009ECACE /* Project object */ = {
			isa = PBXProject;
			attributes = {
				BuildIndependentTargetsInParallel = 1;
				LastSwiftUpdateCheck = 1430;
				LastUpgradeCheck = 1430;
				TargetAttributes = {
					A89CB7372A385394009ECACE = {
						CreatedOnToolsVersion = 14.3;
					};
					A89CB74D2A385397009ECACE = {
						CreatedOnToolsVersion = 14.3;
						TestTargetID = A89CB7372A385394009ECACE;
					};
					A89CB7572A385397009ECACE = {
						CreatedOnToolsVersion = 14.3;
						TestTargetID = A89CB7372A385394009ECACE;
					};
				};
			};
			buildConfigurationList = A89CB7332A385394009ECACE /* Build configuration list for PBXProject "Example" */;
			compatibilityVersion = "Xcode 14.0";
			developmentRegion = en;
			hasScannedForEncodings = 0;
			knownRegions = (
				en,
				Base,
			);
			mainGroup = A89CB72F2A385394009ECACE;
			productRefGroup = A89CB7392A385394009ECACE /* Products */;
			projectDirPath = "";
			projectRoot = "";
			targets = (
				A89CB7372A385394009ECACE /* Example */,
				A89CB74D2A385397009ECACE /* ExampleTests */,
				A89CB7572A385397009ECACE /* ExampleUITests */,
			);
		};
/* End PBXProject section */

/* Begin PBXResourcesBuildPhase section */
		A89CB7362A385394009ECACE /* Resources */ = {
			isa = PBXResourcesBuildPhase;
			buildActionMask = 2147483647;
			files = (
				A89CB7482A385397009ECACE /* LaunchScreen.storyboard in Resources */,
				A89CB7452A385397009ECACE /* Assets.xcassets in Resources */,
				A89CB7432A385394009ECACE /* Main.storyboard in Resources */,
			);
			runOnlyForDeploymentPostprocessing = 0;
		};
		A89CB74C2A385397009ECACE /* Resources */ = {
			isa = PBXResourcesBuildPhase;
			buildActionMask = 2147483647;
			files = (
			);
			runOnlyForDeploymentPostprocessing = 0;
		};
		A89CB7562A385397009ECACE /* Resources */ = {
			isa = PBXResourcesBuildPhase;
			buildActionMask = 2147483647;
			files = (
			);
			runOnlyForDeploymentPostprocessing = 0;
		};
/* End PBXResourcesBuildPhase section */

/* Begin PBXSourcesBuildPhase section */
		A89CB7342A385394009ECACE /* Sources */ = {
			isa = PBXSourcesBuildPhase;
			buildActionMask = 2147483647;
			files = (
				A89CB7402A385394009ECACE /* ViewController.swift in Sources */,
				A89CB73C2A385394009ECACE /* AppDelegate.swift in Sources */,
				A89CB76C2A3853B2009ECACE /* ChatGPTAPIManager.swift in Sources */,
				A89CB73E2A385394009ECACE /* SceneDelegate.swift in Sources */,
			);
			runOnlyForDeploymentPostprocessing = 0;
		};
		A89CB74A2A385397009ECACE /* Sources */ = {
			isa = PBXSourcesBuildPhase;
			buildActionMask = 2147483647;
			files = (
				A89CB7532A385397009ECACE /* ExampleTests.swift in Sources */,
			);
			runOnlyForDeploymentPostprocessing = 0;
		};
		A89CB7542A385397009ECACE /* Sources */ = {
			isa = PBXSourcesBuildPhase;
			buildActionMask = 2147483647;
			files = (
				A89CB75D2A385397009ECACE /* ExampleUITests.swift in Sources */,
				A89CB75F2A385397009ECACE /* ExampleUITestsLaunchTests.swift in Sources */,
			);
			runOnlyForDeploymentPostprocessing = 0;
		};
/* End PBXSourcesBuildPhase section */

/* Begin PBXTargetDependency section */
		A89CB7502A385397009ECACE /* PBXTargetDependency */ = {
			isa = PBXTargetDependency;
			target = A89CB7372A385394009ECACE /* Example */;
			targetProxy = A89CB74F2A385397009ECACE /* PBXContainerItemProxy */;
		};
		A89CB75A2A385397009ECACE /* PBXTargetDependency */ = {
			isa = PBXTargetDependency;
			target = A89CB7372A385394009ECACE /* Example */;
			targetProxy = A89CB7592A385397009ECACE /* PBXContainerItemProxy */;
		};
/* End PBXTargetDependency section */

/* Begin PBXVariantGroup section */
		A89CB7412A385394009ECACE /* Main.storyboard */ = {
			isa = PBXVariantGroup;
			children = (
				A89CB7422A385394009ECACE /* Base */,
			);
			name = Main.storyboard;
			sourceTree = "<group>";
		};
		A89CB7462A385397009ECACE /* LaunchScreen.storyboard */ = {
			isa = PBXVariantGroup;
			children = (
				A89CB7472A385397009ECACE /* Base */,
			);
			name = LaunchScreen.storyboard;
			sourceTree = "<group>";
		};
/* End PBXVariantGroup section */

/* Begin XCBuildConfiguration section */
		A89CB7602A385397009ECACE /* Debug */ = {
			isa = XCBuildConfiguration;
			buildSettings = {
				ALWAYS_SEARCH_USER_PATHS = NO;
				CLANG_ANALYZER_NONNULL = YES;
				CLANG_ANALYZER_NUMBER_OBJECT_CONVERSION = YES_AGGRESSIVE;
				CLANG_CXX_LANGUAGE_STANDARD = "gnu++20";
				CLANG_ENABLE_MODULES = YES;
				CLANG_ENABLE_OBJC_ARC = YES;
				CLANG_ENABLE_OBJC_WEAK = YES;
				CLANG_WARN_BLOCK_CAPTURE_AUTORELEASING = YES;
				CLANG_WARN_BOOL_CONVERSION = YES;
				CLANG_WARN_COMMA = YES;
				CLANG_WARN_CONSTANT_CONVERSION = YES;
				CLANG_WARN_DEPRECATED_OBJC_IMPLEMENTATIONS = YES;
				CLANG_WARN_DIRECT_OBJC_ISA_USAGE = YES_ERROR;
				CLANG_WARN_DOCUMENTATION_COMMENTS = YES;
				CLANG_WARN_EMPTY_BODY = YES;
				CLANG_WARN_ENUM_CONVERSION = YES;
				CLANG_WARN_INFINITE_RECURSION = YES;
				CLANG_WARN_INT_CONVERSION = YES;
				CLANG_WARN_NON_LITERAL_NULL_CONVERSION = YES;
				CLANG_WARN_OBJC_IMPLICIT_RETAIN_SELF = YES;
				CLANG_WARN_OBJC_LITERAL_CONVERSION = YES;
				CLANG_WARN_OBJC_ROOT_CLASS = YES_ERROR;
				CLANG_WARN_QUOTED_INCLUDE_IN_FRAMEWORK_HEADER = YES;
				CLANG_WARN_RANGE_LOOP_ANALYSIS = YES;
				CLANG_WARN_STRICT_PROTOTYPES = YES;
				CLANG_WARN_SUSPICIOUS_MOVE = YES;
				CLANG_WARN_UNGUARDED_AVAILABILITY = YES_AGGRESSIVE;
				CLANG_WARN_UNREACHABLE_CODE = YES;
				CLANG_WARN__DUPLICATE_METHOD_MATCH = YES;
				COPY_PHASE_STRIP = NO;
				DEBUG_INFORMATION_FORMAT = dwarf;
				ENABLE_STRICT_OBJC_MSGSEND = YES;
				ENABLE_TESTABILITY = YES;
				GCC_C_LANGUAGE_STANDARD = gnu11;
				GCC_DYNAMIC_NO_PIC = NO;
				GCC_NO_COMMON_BLOCKS = YES;
				GCC_OPTIMIZATION_LEVEL = 0;
				GCC_PREPROCESSOR_DEFINITIONS = (
					"DEBUG=1",
					"$(inherited)",
				);
				GCC_WARN_64_TO_32_BIT_CONVERSION = YES;
				GCC_WARN_ABOUT_RETURN_TYPE = YES_ERROR;
				GCC_WARN_UNDECLARED_SELECTOR = YES;
				GCC_WARN_UNINITIALIZED_AUTOS = YES_AGGRESSIVE;
				GCC_WARN_UNUSED_FUNCTION = YES;
				GCC_WARN_UNUSED_VARIABLE = YES;
				IPHONEOS_DEPLOYMENT_TARGET = 16.4;
				MTL_ENABLE_DEBUG_INFO = INCLUDE_SOURCE;
				MTL_FAST_MATH = YES;
				ONLY_ACTIVE_ARCH = YES;
				SDKROOT = iphoneos;
				SWIFT_ACTIVE_COMPILATION_CONDITIONS = DEBUG;
				SWIFT_OPTIMIZATION_LEVEL = "-Onone";
			};
			name = Debug;
		};
		A89CB7612A385397009ECACE /* Release */ = {
			isa = XCBuildConfiguration;
			buildSettings = {
				ALWAYS_SEARCH_USER_PATHS = NO;
				CLANG_ANALYZER_NONNULL = YES;
				CLANG_ANALYZER_NUMBER_OBJECT_CONVERSION = YES_AGGRESSIVE;
				CLANG_CXX_LANGUAGE_STANDARD = "gnu++20";
				CLANG_ENABLE_MODULES = YES;
				CLANG_ENABLE_OBJC_ARC = YES;
				CLANG_ENABLE_OBJC_WEAK = YES;
				CLANG_WARN_BLOCK_CAPTURE_AUTORELEASING = YES;
				CLANG_WARN_BOOL_CONVERSION = YES;
				CLANG_WARN_COMMA = YES;
				CLANG_WARN_CONSTANT_CONVERSION = YES;
				CLANG_WARN_DEPRECATED_OBJC_IMPLEMENTATIONS = YES;
				CLANG_WARN_DIRECT_OBJC_ISA_USAGE = YES_ERROR;
				CLANG_WARN_DOCUMENTATION_COMMENTS = YES;
				CLANG_WARN_EMPTY_BODY = YES;
				CLANG_WARN_ENUM_CONVERSION = YES;
				CLANG_WARN_INFINITE_RECURSION = YES;
				CLANG_WARN_INT_CONVERSION = YES;
				CLANG_WARN_NON_LITERAL_NULL_CONVERSION = YES;
				CLANG_WARN_OBJC_IMPLICIT_RETAIN_SELF = YES;
				CLANG_WARN_OBJC_LITERAL_CONVERSION = YES;
				CLANG_WARN_OBJC_ROOT_CLASS = YES_ERROR;
				CLANG_WARN_QUOTED_INCLUDE_IN_FRAMEWORK_HEADER = YES;
				CLANG_WARN_RANGE_LOOP_ANALYSIS = YES;
				CLANG_WARN_STRICT_PROTOTYPES = YES;
				CLANG_WARN_SUSPICIOUS_MOVE = YES;
				CLANG_WARN_UNGUARDED_AVAILABILITY = YES_AGGRESSIVE;
				CLANG_WARN_UNREACHABLE_CODE = YES;
				CLANG_WARN__DUPLICATE_METHOD_MATCH = YES;
				COPY_PHASE_STRIP = NO;
				DEBUG_INFORMATION_FORMAT = "dwarf-with-dsym";
				ENABLE_NS_ASSERTIONS = NO;
				ENABLE_STRICT_OBJC_MSGSEND = YES;
				GCC_C_LANGUAGE_STANDARD = gnu11;
				GCC_NO_COMMON_BLOCKS = YES;
				GCC_WARN_64_TO_32_BIT_CONVERSION = YES;
				GCC_WARN_ABOUT_RETURN_TYPE = YES_ERROR;
				GCC_WARN_UNDECLARED_SELECTOR = YES;
				GCC_WARN_UNINITIALIZED_AUTOS = YES_AGGRESSIVE;
				GCC_WARN_UNUSED_FUNCTION = YES;
				GCC_WARN_UNUSED_VARIABLE = YES;
				IPHONEOS_DEPLOYMENT_TARGET = 16.4;
				MTL_ENABLE_DEBUG_INFO = NO;
				MTL_FAST_MATH = YES;
				SDKROOT = iphoneos;
				SWIFT_COMPILATION_MODE = wholemodule;
				SWIFT_OPTIMIZATION_LEVEL = "-O";
				VALIDATE_PRODUCT = YES;
			};
			name = Release;
		};
		A89CB7632A385397009ECACE /* Debug */ = {
			isa = XCBuildConfiguration;
			buildSettings = {
				ASSETCATALOG_COMPILER_APPICON_NAME = AppIcon;
				ASSETCATALOG_COMPILER_GLOBAL_ACCENT_COLOR_NAME = AccentColor;
				CODE_SIGN_STYLE = Automatic;
				CURRENT_PROJECT_VERSION = 1;
				GENERATE_INFOPLIST_FILE = YES;
				INFOPLIST_FILE = Example/Info.plist;
				INFOPLIST_KEY_UIApplicationSupportsIndirectInputEvents = YES;
				INFOPLIST_KEY_UILaunchStoryboardName = LaunchScreen;
				INFOPLIST_KEY_UIMainStoryboardFile = Main;
				INFOPLIST_KEY_UISupportedInterfaceOrientations_iPad = "UIInterfaceOrientationPortrait UIInterfaceOrientationPortraitUpsideDown UIInterfaceOrientationLandscapeLeft UIInterfaceOrientationLandscapeRight";
				INFOPLIST_KEY_UISupportedInterfaceOrientations_iPhone = "UIInterfaceOrientationPortrait UIInterfaceOrientationLandscapeLeft UIInterfaceOrientationLandscapeRight";
				LD_RUNPATH_SEARCH_PATHS = (
					"$(inherited)",
					"@executable_path/Frameworks",
				);
				MARKETING_VERSION = 1.0;
				PRODUCT_BUNDLE_IDENTIFIER = DevCrew.Example;
				PRODUCT_NAME = "$(TARGET_NAME)";
				SWIFT_EMIT_LOC_STRINGS = YES;
				SWIFT_VERSION = 5.0;
				TARGETED_DEVICE_FAMILY = "1,2";
			};
			name = Debug;
		};
		A89CB7642A385397009ECACE /* Release */ = {
			isa = XCBuildConfiguration;
			buildSettings = {
				ASSETCATALOG_COMPILER_APPICON_NAME = AppIcon;
				ASSETCATALOG_COMPILER_GLOBAL_ACCENT_COLOR_NAME = AccentColor;
				CODE_SIGN_STYLE = Automatic;
				CURRENT_PROJECT_VERSION = 1;
				GENERATE_INFOPLIST_FILE = YES;
				INFOPLIST_FILE = Example/Info.plist;
				INFOPLIST_KEY_UIApplicationSupportsIndirectInputEvents = YES;
				INFOPLIST_KEY_UILaunchStoryboardName = LaunchScreen;
				INFOPLIST_KEY_UIMainStoryboardFile = Main;
				INFOPLIST_KEY_UISupportedInterfaceOrientations_iPad = "UIInterfaceOrientationPortrait UIInterfaceOrientationPortraitUpsideDown UIInterfaceOrientationLandscapeLeft UIInterfaceOrientationLandscapeRight";
				INFOPLIST_KEY_UISupportedInterfaceOrientations_iPhone = "UIInterfaceOrientationPortrait UIInterfaceOrientationLandscapeLeft UIInterfaceOrientationLandscapeRight";
				LD_RUNPATH_SEARCH_PATHS = (
					"$(inherited)",
					"@executable_path/Frameworks",
				);
				MARKETING_VERSION = 1.0;
				PRODUCT_BUNDLE_IDENTIFIER = DevCrew.Example;
				PRODUCT_NAME = "$(TARGET_NAME)";
				SWIFT_EMIT_LOC_STRINGS = YES;
				SWIFT_VERSION = 5.0;
				TARGETED_DEVICE_FAMILY = "1,2";
			};
			name = Release;
		};
		A89CB7662A385397009ECACE /* Debug */ = {
			isa = XCBuildConfiguration;
			buildSettings = {
				ALWAYS_EMBED_SWIFT_STANDARD_LIBRARIES = YES;
				BUNDLE_LOADER = "$(TEST_HOST)";
				CODE_SIGN_STYLE = Automatic;
				CURRENT_PROJECT_VERSION = 1;
				GENERATE_INFOPLIST_FILE = YES;
				IPHONEOS_DEPLOYMENT_TARGET = 16.4;
				MARKETING_VERSION = 1.0;
				PRODUCT_BUNDLE_IDENTIFIER = DevCrew.ExampleTests;
				PRODUCT_NAME = "$(TARGET_NAME)";
				SWIFT_EMIT_LOC_STRINGS = NO;
				SWIFT_VERSION = 5.0;
				TARGETED_DEVICE_FAMILY = "1,2";
				TEST_HOST = "$(BUILT_PRODUCTS_DIR)/Example.app/$(BUNDLE_EXECUTABLE_FOLDER_PATH)/Example";
			};
			name = Debug;
		};
		A89CB7672A385397009ECACE /* Release */ = {
			isa = XCBuildConfiguration;
			buildSettings = {
				ALWAYS_EMBED_SWIFT_STANDARD_LIBRARIES = YES;
				BUNDLE_LOADER = "$(TEST_HOST)";
				CODE_SIGN_STYLE = Automatic;
				CURRENT_PROJECT_VERSION = 1;
				GENERATE_INFOPLIST_FILE = YES;
				IPHONEOS_DEPLOYMENT_TARGET = 16.4;
				MARKETING_VERSION = 1.0;
				PRODUCT_BUNDLE_IDENTIFIER = DevCrew.ExampleTests;
				PRODUCT_NAME = "$(TARGET_NAME)";
				SWIFT_EMIT_LOC_STRINGS = NO;
				SWIFT_VERSION = 5.0;
				TARGETED_DEVICE_FAMILY = "1,2";
				TEST_HOST = "$(BUILT_PRODUCTS_DIR)/Example.app/$(BUNDLE_EXECUTABLE_FOLDER_PATH)/Example";
			};
			name = Release;
		};
		A89CB7692A385397009ECACE /* Debug */ = {
			isa = XCBuildConfiguration;
			buildSettings = {
				ALWAYS_EMBED_SWIFT_STANDARD_LIBRARIES = YES;
				CODE_SIGN_STYLE = Automatic;
				CURRENT_PROJECT_VERSION = 1;
				GENERATE_INFOPLIST_FILE = YES;
				MARKETING_VERSION = 1.0;
				PRODUCT_BUNDLE_IDENTIFIER = DevCrew.ExampleUITests;
				PRODUCT_NAME = "$(TARGET_NAME)";
				SWIFT_EMIT_LOC_STRINGS = NO;
				SWIFT_VERSION = 5.0;
				TARGETED_DEVICE_FAMILY = "1,2";
				TEST_TARGET_NAME = Example;
			};
			name = Debug;
		};
		A89CB76A2A385397009ECACE /* Release */ = {
			isa = XCBuildConfiguration;
			buildSettings = {
				ALWAYS_EMBED_SWIFT_STANDARD_LIBRARIES = YES;
				CODE_SIGN_STYLE = Automatic;
				CURRENT_PROJECT_VERSION = 1;
				GENERATE_INFOPLIST_FILE = YES;
				MARKETING_VERSION = 1.0;
				PRODUCT_BUNDLE_IDENTIFIER = DevCrew.ExampleUITests;
				PRODUCT_NAME = "$(TARGET_NAME)";
				SWIFT_EMIT_LOC_STRINGS = NO;
				SWIFT_VERSION = 5.0;
				TARGETED_DEVICE_FAMILY = "1,2";
				TEST_TARGET_NAME = Example;
			};
			name = Release;
		};
/* End XCBuildConfiguration section */

/* Begin XCConfigurationList section */
		A89CB7332A385394009ECACE /* Build configuration list for PBXProject "Example" */ = {
			isa = XCConfigurationList;
			buildConfigurations = (
				A89CB7602A385397009ECACE /* Debug */,
				A89CB7612A385397009ECACE /* Release */,
			);
			defaultConfigurationIsVisible = 0;
			defaultConfigurationName = Release;
		};
		A89CB7622A385397009ECACE /* Build configuration list for PBXNativeTarget "Example" */ = {
			isa = XCConfigurationList;
			buildConfigurations = (
				A89CB7632A385397009ECACE /* Debug */,
				A89CB7642A385397009ECACE /* Release */,
			);
			defaultConfigurationIsVisible = 0;
			defaultConfigurationName = Release;
		};
		A89CB7652A385397009ECACE /* Build configuration list for PBXNativeTarget "ExampleTests" */ = {
			isa = XCConfigurationList;
			buildConfigurations = (
				A89CB7662A385397009ECACE /* Debug */,
				A89CB7672A385397009ECACE /* Release */,
			);
			defaultConfigurationIsVisible = 0;
			defaultConfigurationName = Release;
		};
		A89CB7682A385397009ECACE /* Build configuration list for PBXNativeTarget "ExampleUITests" */ = {
			isa = XCConfigurationList;
			buildConfigurations = (
				A89CB7692A385397009ECACE /* Debug */,
				A89CB76A2A385397009ECACE /* Release */,
			);
			defaultConfigurationIsVisible = 0;
			defaultConfigurationName = Release;
		};
/* End XCConfigurationList section */
	};
	rootObject = A89CB7302A385394009ECACE /* Project object */;
}
