{
  "pins" : [
    {
      "identity" : "chatgpt-ios-sdk",
      "kind" : "remoteSourceControl",
      "location" : "https://github.com/DevCrew-io/chatgpt-ios-sdk.git",
      "state" : {
        "revision" : "155efd956523d621e24a8217fc151b1e0b2f0e6f",
        "version" : "1.0.2"
      }
    }
  ],
  "version" : 2
}
